// !$*UTF8*$!
{
	archiveVersion = 1;
	classes = {
	};
	objectVersion = 50;
	objects = {

/* Begin PBXBuildFile section */
		81047707230C2F6C0061220F /* AppDelegate.swift in Sources */ = {isa = PBXBuildFile; fileRef = 81047706230C2F6C0061220F /* AppDelegate.swift */; };
		81047709230C2F6C0061220F /* ViewController.swift in Sources */ = {isa = PBXBuildFile; fileRef = 81047708230C2F6C0061220F /* ViewController.swift */; };
		8104770C230C2F6C0061220F /* Main.storyboard in Resources */ = {isa = PBXBuildFile; fileRef = 8104770A230C2F6C0061220F /* Main.storyboard */; };
		8104770E230C2F6E0061220F /* Assets.xcassets in Resources */ = {isa = PBXBuildFile; fileRef = 8104770D230C2F6E0061220F /* Assets.xcassets */; };
		81047711230C2F6E0061220F /* LaunchScreen.storyboard in Resources */ = {isa = PBXBuildFile; fileRef = 8104770F230C2F6E0061220F /* LaunchScreen.storyboard */; };
		8104771C230C2F6E0061220F /* PostsTests.swift in Sources */ = {isa = PBXBuildFile; fileRef = 8104771B230C2F6E0061220F /* PostsTests.swift */; };
		81047727230C2F6E0061220F /* PostsUITests.swift in Sources */ = {isa = PBXBuildFile; fileRef = 81047726230C2F6E0061220F /* PostsUITests.swift */; };
/* End PBXBuildFile section */

/* Begin PBXContainerItemProxy section */
		81047718230C2F6E0061220F /* PBXContainerItemProxy */ = {
			isa = PBXContainerItemProxy;
			containerPortal = 810476FB230C2F6C0061220F /* Project object */;
			proxyType = 1;
			remoteGlobalIDString = 81047702230C2F6C0061220F;
			remoteInfo = Posts;
		};
		81047723230C2F6E0061220F /* PBXContainerItemProxy */ = {
			isa = PBXContainerItemProxy;
			containerPortal = 810476FB230C2F6C0061220F /* Project object */;
			proxyType = 1;
			remoteGlobalIDString = 81047702230C2F6C0061220F;
			remoteInfo = Posts;
		};
/* End PBXContainerItemProxy section */

/* Begin PBXFileReference section */
		81047703230C2F6C0061220F /* Posts.app */ = {isa = PBXFileReference; explicitFileType = wrapper.application; includeInIndex = 0; path = Posts.app; sourceTree = BUILT_PRODUCTS_DIR; };
		81047706230C2F6C0061220F /* AppDelegate.swift */ = {isa = PBXFileReference; lastKnownFileType = sourcecode.swift; path = AppDelegate.swift; sourceTree = "<group>"; };
		81047708230C2F6C0061220F /* ViewController.swift */ = {isa = PBXFileReference; lastKnownFileType = sourcecode.swift; path = ViewController.swift; sourceTree = "<group>"; };
		8104770B230C2F6C0061220F /* Base */ = {isa = PBXFileReference; lastKnownFileType = file.storyboard; name = Base; path = Base.lproj/Main.storyboard; sourceTree = "<group>"; };
		8104770D230C2F6E0061220F /* Assets.xcassets */ = {isa = PBXFileReference; lastKnownFileType = folder.assetcatalog; path = Assets.xcassets; sourceTree = "<group>"; };
		81047710230C2F6E0061220F /* Base */ = {isa = PBXFileReference; lastKnownFileType = file.storyboard; name = Base; path = Base.lproj/LaunchScreen.storyboard; sourceTree = "<group>"; };
		81047712230C2F6E0061220F /* Info.plist */ = {isa = PBXFileReference; lastKnownFileType = text.plist.xml; path = Info.plist; sourceTree = "<group>"; };
		81047717230C2F6E0061220F /* PostsTests.xctest */ = {isa = PBXFileReference; explicitFileType = wrapper.cfbundle; includeInIndex = 0; path = PostsTests.xctest; sourceTree = BUILT_PRODUCTS_DIR; };
		8104771B230C2F6E0061220F /* PostsTests.swift */ = {isa = PBXFileReference; lastKnownFileType = sourcecode.swift; path = PostsTests.swift; sourceTree = "<group>"; };
		8104771D230C2F6E0061220F /* Info.plist */ = {isa = PBXFileReference; lastKnownFileType = text.plist.xml; path = Info.plist; sourceTree = "<group>"; };
		81047722230C2F6E0061220F /* PostsUITests.xctest */ = {isa = PBXFileReference; explicitFileType = wrapper.cfbundle; includeInIndex = 0; path = PostsUITests.xctest; sourceTree = BUILT_PRODUCTS_DIR; };
		81047726230C2F6E0061220F /* PostsUITests.swift */ = {isa = PBXFileReference; lastKnownFileType = sourcecode.swift; path = PostsUITests.swift; sourceTree = "<group>"; };
		81047728230C2F6E0061220F /* Info.plist */ = {isa = PBXFileReference; lastKnownFileType = text.plist.xml; path = Info.plist; sourceTree = "<group>"; };
/* End PBXFileReference section */

/* Begin PBXFrameworksBuildPhase section */
		81047700230C2F6C0061220F /* Frameworks */ = {
			isa = PBXFrameworksBuildPhase;
			buildActionMask = 2147483647;
			files = (
			);
			runOnlyForDeploymentPostprocessing = 0;
		};
		81047714230C2F6E0061220F /* Frameworks */ = {
			isa = PBXFrameworksBuildPhase;
			buildActionMask = 2147483647;
			files = (
			);
			runOnlyForDeploymentPostprocessing = 0;
		};
		8104771F230C2F6E0061220F /* Frameworks */ = {
			isa = PBXFrameworksBuildPhase;
			buildActionMask = 2147483647;
			files = (
			);
			runOnlyForDeploymentPostprocessing = 0;
		};
/* End PBXFrameworksBuildPhase section */

/* Begin PBXGroup section */
		810476FA230C2F6C0061220F = {
			isa = PBXGroup;
			children = (
				81047705230C2F6C0061220F /* Posts */,
				8104771A230C2F6E0061220F /* PostsTests */,
				81047725230C2F6E0061220F /* PostsUITests */,
				81047704230C2F6C0061220F /* Products */,
			);
			sourceTree = "<group>";
		};
		81047704230C2F6C0061220F /* Products */ = {
			isa = PBXGroup;
			children = (
				81047703230C2F6C0061220F /* Posts.app */,
				81047717230C2F6E0061220F /* PostsTests.xctest */,
				81047722230C2F6E0061220F /* PostsUITests.xctest */,
			);
			name = Products;
			sourceTree = "<group>";
		};
		81047705230C2F6C0061220F /* Posts */ = {
			isa = PBXGroup;
			children = (
				81047706230C2F6C0061220F /* AppDelegate.swift */,
				81047708230C2F6C0061220F /* ViewController.swift */,
				8104770A230C2F6C0061220F /* Main.storyboard */,
				8104770D230C2F6E0061220F /* Assets.xcassets */,
				8104770F230C2F6E0061220F /* LaunchScreen.storyboard */,
				81047712230C2F6E0061220F /* Info.plist */,
			);
			path = Posts;
			sourceTree = "<group>";
		};
		8104771A230C2F6E0061220F /* PostsTests */ = {
			isa = PBXGroup;
			children = (
				8104771B230C2F6E0061220F /* PostsTests.swift */,
				8104771D230C2F6E0061220F /* Info.plist */,
			);
			path = PostsTests;
			sourceTree = "<group>";
		};
		81047725230C2F6E0061220F /* PostsUITests */ = {
			isa = PBXGroup;
			children = (
				81047726230C2F6E0061220F /* PostsUITests.swift */,
				81047728230C2F6E0061220F /* Info.plist */,
			);
			path = PostsUITests;
			sourceTree = "<group>";
		};
/* End PBXGroup section */

/* Begin PBXNativeTarget section */
		81047702230C2F6C0061220F /* Posts */ = {
			isa = PBXNativeTarget;
			buildConfigurationList = 8104772B230C2F6E0061220F /* Build configuration list for PBXNativeTarget "Posts" */;
			buildPhases = (
				810476FF230C2F6C0061220F /* Sources */,
				81047700230C2F6C0061220F /* Frameworks */,
				81047701230C2F6C0061220F /* Resources */,
			);
			buildRules = (
			);
			dependencies = (
			);
			name = Posts;
			productName = Posts;
			productReference = 81047703230C2F6C0061220F /* Posts.app */;
			productType = "com.apple.product-type.application";
		};
		81047716230C2F6E0061220F /* PostsTests */ = {
			isa = PBXNativeTarget;
			buildConfigurationList = 8104772E230C2F6E0061220F /* Build configuration list for PBXNativeTarget "PostsTests" */;
			buildPhases = (
				81047713230C2F6E0061220F /* Sources */,
				81047714230C2F6E0061220F /* Frameworks */,
				81047715230C2F6E0061220F /* Resources */,
			);
			buildRules = (
			);
			dependencies = (
				81047719230C2F6E0061220F /* PBXTargetDependency */,
			);
			name = PostsTests;
			productName = PostsTests;
			productReference = 81047717230C2F6E0061220F /* PostsTests.xctest */;
			productType = "com.apple.product-type.bundle.unit-test";
		};
		81047721230C2F6E0061220F /* PostsUITests */ = {
			isa = PBXNativeTarget;
			buildConfigurationList = 81047731230C2F6E0061220F /* Build configuration list for PBXNativeTarget "PostsUITests" */;
			buildPhases = (
				8104771E230C2F6E0061220F /* Sources */,
				8104771F230C2F6E0061220F /* Frameworks */,
				81047720230C2F6E0061220F /* Resources */,
			);
			buildRules = (
			);
			dependencies = (
				81047724230C2F6E0061220F /* PBXTargetDependency */,
			);
			name = PostsUITests;
			productName = PostsUITests;
			productReference = 81047722230C2F6E0061220F /* PostsUITests.xctest */;
			productType = "com.apple.product-type.bundle.ui-testing";
		};
/* End PBXNativeTarget section */

/* Begin PBXProject section */
		810476FB230C2F6C0061220F /* Project object */ = {
			isa = PBXProject;
			attributes = {
				LastSwiftUpdateCheck = 1010;
				LastUpgradeCheck = 1010;
				ORGANIZATIONNAME = "iOS Dev";
				TargetAttributes = {
					81047702230C2F6C0061220F = {
						CreatedOnToolsVersion = 10.1;
					};
					81047716230C2F6E0061220F = {
						CreatedOnToolsVersion = 10.1;
						TestTargetID = 81047702230C2F6C0061220F;
					};
					81047721230C2F6E0061220F = {
						CreatedOnToolsVersion = 10.1;
						TestTargetID = 81047702230C2F6C0061220F;
					};
				};
			};
			buildConfigurationList = 810476FE230C2F6C0061220F /* Build configuration list for PBXProject "Posts" */;
			compatibilityVersion = "Xcode 9.3";
			developmentRegion = en;
			hasScannedForEncodings = 0;
			knownRegions = (
				en,
				Base,
			);
			mainGroup = 810476FA230C2F6C0061220F;
			productRefGroup = 81047704230C2F6C0061220F /* Products */;
			projectDirPath = "";
			projectRoot = "";
			targets = (
				81047702230C2F6C0061220F /* Posts */,
				81047716230C2F6E0061220F /* PostsTests */,
				81047721230C2F6E0061220F /* PostsUITests */,
			);
		};
/* End PBXProject section */

/* Begin PBXResourcesBuildPhase section */
		81047701230C2F6C0061220F /* Resources */ = {
			isa = PBXResourcesBuildPhase;
			buildActionMask = 2147483647;
			files = (
				81047711230C2F6E0061220F /* LaunchScreen.storyboard in Resources */,
				8104770E230C2F6E0061220F /* Assets.xcassets in Resources */,
				8104770C230C2F6C0061220F /* Main.storyboard in Resources */,
			);
			runOnlyForDeploymentPostprocessing = 0;
		};
		81047715230C2F6E0061220F /* Resources */ = {
			isa = PBXResourcesBuildPhase;
			buildActionMask = 2147483647;
			files = (
			);
			runOnlyForDeploymentPostprocessing = 0;
		};
		81047720230C2F6E0061220F /* Resources */ = {
			isa = PBXResourcesBuildPhase;
			buildActionMask = 2147483647;
			files = (
			);
			runOnlyForDeploymentPostprocessing = 0;
		};
/* End PBXResourcesBuildPhase section */

/* Begin PBXSourcesBuildPhase section */
		810476FF230C2F6C0061220F /* Sources */ = {
			isa = PBXSourcesBuildPhase;
			buildActionMask = 2147483647;
			files = (
				81047709230C2F6C0061220F /* ViewController.swift in Sources */,
				81047707230C2F6C0061220F /* AppDelegate.swift in Sources */,
			);
			runOnlyForDeploymentPostprocessing = 0;
		};
		81047713230C2F6E0061220F /* Sources */ = {
			isa = PBXSourcesBuildPhase;
			buildActionMask = 2147483647;
			files = (
				8104771C230C2F6E0061220F /* PostsTests.swift in Sources */,
			);
			runOnlyForDeploymentPostprocessing = 0;
		};
		8104771E230C2F6E0061220F /* Sources */ = {
			isa = PBXSourcesBuildPhase;
			buildActionMask = 2147483647;
			files = (
				81047727230C2F6E0061220F /* PostsUITests.swift in Sources */,
			);
			runOnlyForDeploymentPostprocessing = 0;
		};
/* End PBXSourcesBuildPhase section */

/* Begin PBXTargetDependency section */
		81047719230C2F6E0061220F /* PBXTargetDependency */ = {
			isa = PBXTargetDependency;
			target = 81047702230C2F6C0061220F /* Posts */;
			targetProxy = 81047718230C2F6E0061220F /* PBXContainerItemProxy */;
		};
		81047724230C2F6E0061220F /* PBXTargetDependency */ = {
			isa = PBXTargetDependency;
			target = 81047702230C2F6C0061220F /* Posts */;
			targetProxy = 81047723230C2F6E0061220F /* PBXContainerItemProxy */;
		};
/* End PBXTargetDependency section */

/* Begin PBXVariantGroup section */
		8104770A230C2F6C0061220F /* Main.storyboard */ = {
			isa = PBXVariantGroup;
			children = (
				8104770B230C2F6C0061220F /* Base */,
			);
			name = Main.storyboard;
			sourceTree = "<group>";
		};
		8104770F230C2F6E0061220F /* LaunchScreen.storyboard */ = {
			isa = PBXVariantGroup;
			children = (
				81047710230C2F6E0061220F /* Base */,
			);
			name = LaunchScreen.storyboard;
			sourceTree = "<group>";
		};
/* End PBXVariantGroup section */

/* Begin XCBuildConfiguration section */
		81047729230C2F6E0061220F /* Debug */ = {
			isa = XCBuildConfiguration;
			buildSettings = {
				ALWAYS_SEARCH_USER_PATHS = NO;
				CLANG_ANALYZER_NONNULL = YES;
				CLANG_ANALYZER_NUMBER_OBJECT_CONVERSION = YES_AGGRESSIVE;
				CLANG_CXX_LANGUAGE_STANDARD = "gnu++14";
				CLANG_CXX_LIBRARY = "libc++";
				CLANG_ENABLE_MODULES = YES;
				CLANG_ENABLE_OBJC_ARC = YES;
				CLANG_ENABLE_OBJC_WEAK = YES;
				CLANG_WARN_BLOCK_CAPTURE_AUTORELEASING = YES;
				CLANG_WARN_BOOL_CONVERSION = YES;
				CLANG_WARN_COMMA = YES;
				CLANG_WARN_CONSTANT_CONVERSION = YES;
				CLANG_WARN_DEPRECATED_OBJC_IMPLEMENTATIONS = YES;
				CLANG_WARN_DIRECT_OBJC_ISA_USAGE = YES_ERROR;
				CLANG_WARN_DOCUMENTATION_COMMENTS = YES;
				CLANG_WARN_EMPTY_BODY = YES;
				CLANG_WARN_ENUM_CONVERSION = YES;
				CLANG_WARN_INFINITE_RECURSION = YES;
				CLANG_WARN_INT_CONVERSION = YES;
				CLANG_WARN_NON_LITERAL_NULL_CONVERSION = YES;
				CLANG_WARN_OBJC_IMPLICIT_RETAIN_SELF = YES;
				CLANG_WARN_OBJC_LITERAL_CONVERSION = YES;
				CLANG_WARN_OBJC_ROOT_CLASS = YES_ERROR;
				CLANG_WARN_RANGE_LOOP_ANALYSIS = YES;
				CLANG_WARN_STRICT_PROTOTYPES = YES;
				CLANG_WARN_SUSPICIOUS_MOVE = YES;
				CLANG_WARN_UNGUARDED_AVAILABILITY = YES_AGGRESSIVE;
				CLANG_WARN_UNREACHABLE_CODE = YES;
				CLANG_WARN__DUPLICATE_METHOD_MATCH = YES;
				CODE_SIGN_IDENTITY = "iPhone Developer";
				COPY_PHASE_STRIP = NO;
				DEBUG_INFORMATION_FORMAT = dwarf;
				ENABLE_STRICT_OBJC_MSGSEND = YES;
				ENABLE_TESTABILITY = YES;
				GCC_C_LANGUAGE_STANDARD = gnu11;
				GCC_DYNAMIC_NO_PIC = NO;
				GCC_NO_COMMON_BLOCKS = YES;
				GCC_OPTIMIZATION_LEVEL = 0;
				GCC_PREPROCESSOR_DEFINITIONS = (
					"DEBUG=1",
					"$(inherited)",
				);
				GCC_WARN_64_TO_32_BIT_CONVERSION = YES;
				GCC_WARN_ABOUT_RETURN_TYPE = YES_ERROR;
				GCC_WARN_UNDECLARED_SELECTOR = YES;
				GCC_WARN_UNINITIALIZED_AUTOS = YES_AGGRESSIVE;
				GCC_WARN_UNUSED_FUNCTION = YES;
				GCC_WARN_UNUSED_VARIABLE = YES;
				IPHONEOS_DEPLOYMENT_TARGET = 12.1;
				MTL_ENABLE_DEBUG_INFO = INCLUDE_SOURCE;
				MTL_FAST_MATH = YES;
				ONLY_ACTIVE_ARCH = YES;
				SDKROOT = iphoneos;
				SWIFT_ACTIVE_COMPILATION_CONDITIONS = DEBUG;
				SWIFT_OPTIMIZATION_LEVEL = "-Onone";
			};
			name = Debug;
		};
		8104772A230C2F6E0061220F /* Release */ = {
			isa = XCBuildConfiguration;
			buildSettings = {
				ALWAYS_SEARCH_USER_PATHS = NO;
				CLANG_ANALYZER_NONNULL = YES;
				CLANG_ANALYZER_NUMBER_OBJECT_CONVERSION = YES_AGGRESSIVE;
				CLANG_CXX_LANGUAGE_STANDARD = "gnu++14";
				CLANG_CXX_LIBRARY = "libc++";
				CLANG_ENABLE_MODULES = YES;
				CLANG_ENABLE_OBJC_ARC = YES;
				CLANG_ENABLE_OBJC_WEAK = YES;
				CLANG_WARN_BLOCK_CAPTURE_AUTORELEASING = YES;
				CLANG_WARN_BOOL_CONVERSION = YES;
				CLANG_WARN_COMMA = YES;
				CLANG_WARN_CONSTANT_CONVERSION = YES;
				CLANG_WARN_DEPRECATED_OBJC_IMPLEMENTATIONS = YES;
				CLANG_WARN_DIRECT_OBJC_ISA_USAGE = YES_ERROR;
				CLANG_WARN_DOCUMENTATION_COMMENTS = YES;
				CLANG_WARN_EMPTY_BODY = YES;
				CLANG_WARN_ENUM_CONVERSION = YES;
				CLANG_WARN_INFINITE_RECURSION = YES;
				CLANG_WARN_INT_CONVERSION = YES;
				CLANG_WARN_NON_LITERAL_NULL_CONVERSION = YES;
				CLANG_WARN_OBJC_IMPLICIT_RETAIN_SELF = YES;
				CLANG_WARN_OBJC_LITERAL_CONVERSION = YES;
				CLANG_WARN_OBJC_ROOT_CLASS = YES_ERROR;
				CLANG_WARN_RANGE_LOOP_ANALYSIS = YES;
				CLANG_WARN_STRICT_PROTOTYPES = YES;
				CLANG_WARN_SUSPICIOUS_MOVE = YES;
				CLANG_WARN_UNGUARDED_AVAILABILITY = YES_AGGRESSIVE;
				CLANG_WARN_UNREACHABLE_CODE = YES;
				CLANG_WARN__DUPLICATE_METHOD_MATCH = YES;
				CODE_SIGN_IDENTITY = "iPhone Developer";
				COPY_PHASE_STRIP = NO;
				DEBUG_INFORMATION_FORMAT = "dwarf-with-dsym";
				ENABLE_NS_ASSERTIONS = NO;
				ENABLE_STRICT_OBJC_MSGSEND = YES;
				GCC_C_LANGUAGE_STANDARD = gnu11;
				GCC_NO_COMMON_BLOCKS = YES;
				GCC_WARN_64_TO_32_BIT_CONVERSION = YES;
				GCC_WARN_ABOUT_RETURN_TYPE = YES_ERROR;
				GCC_WARN_UNDECLARED_SELECTOR = YES;
				GCC_WARN_UNINITIALIZED_AUTOS = YES_AGGRESSIVE;
				GCC_WARN_UNUSED_FUNCTION = YES;
				GCC_WARN_UNUSED_VARIABLE = YES;
				IPHONEOS_DEPLOYMENT_TARGET = 12.1;
				MTL_ENABLE_DEBUG_INFO = NO;
				MTL_FAST_MATH = YES;
				SDKROOT = iphoneos;
				SWIFT_COMPILATION_MODE = wholemodule;
				SWIFT_OPTIMIZATION_LEVEL = "-O";
				VALIDATE_PRODUCT = YES;
			};
			name = Release;
		};
		8104772C230C2F6E0061220F /* Debug */ = {
			isa = XCBuildConfiguration;
			buildSettings = {
				ASSETCATALOG_COMPILER_APPICON_NAME = AppIcon;
				CODE_SIGN_STYLE = Automatic;
				INFOPLIST_FILE = Posts/Info.plist;
				LD_RUNPATH_SEARCH_PATHS = (
					"$(inherited)",
					"@executable_path/Frameworks",
				);
				PRODUCT_BUNDLE_IDENTIFIER = mahdichtioui.Posts;
				PRODUCT_NAME = "$(TARGET_NAME)";
				SWIFT_VERSION = 4.2;
				TARGETED_DEVICE_FAMILY = "1,2";
			};
			name = Debug;
		};
		8104772D230C2F6E0061220F /* Release */ = {
			isa = XCBuildConfiguration;
			buildSettings = {
				ASSETCATALOG_COMPILER_APPICON_NAME = AppIcon;
				CODE_SIGN_STYLE = Automatic;
				INFOPLIST_FILE = Posts/Info.plist;
				LD_RUNPATH_SEARCH_PATHS = (
					"$(inherited)",
					"@executable_path/Frameworks",
				);
				PRODUCT_BUNDLE_IDENTIFIER = mahdichtioui.Posts;
				PRODUCT_NAME = "$(TARGET_NAME)";
				SWIFT_VERSION = 4.2;
				TARGETED_DEVICE_FAMILY = "1,2";
			};
			name = Release;
		};
		8104772F230C2F6E0061220F /* Debug */ = {
			isa = XCBuildConfiguration;
			buildSettings = {
				ALWAYS_EMBED_SWIFT_STANDARD_LIBRARIES = YES;
				BUNDLE_LOADER = "$(TEST_HOST)";
				CODE_SIGN_STYLE = Automatic;
				INFOPLIST_FILE = PostsTests/Info.plist;
				LD_RUNPATH_SEARCH_PATHS = (
					"$(inherited)",
					"@executable_path/Frameworks",
					"@loader_path/Frameworks",
				);
				PRODUCT_BUNDLE_IDENTIFIER = mahdichtioui.PostsTests;
				PRODUCT_NAME = "$(TARGET_NAME)";
				SWIFT_VERSION = 4.2;
				TARGETED_DEVICE_FAMILY = "1,2";
				TEST_HOST = "$(BUILT_PRODUCTS_DIR)/Posts.app/Posts";
			};
			name = Debug;
		};
		81047730230C2F6E0061220F /* Release */ = {
			isa = XCBuildConfiguration;
			buildSettings = {
				ALWAYS_EMBED_SWIFT_STANDARD_LIBRARIES = YES;
				BUNDLE_LOADER = "$(TEST_HOST)";
				CODE_SIGN_STYLE = Automatic;
				INFOPLIST_FILE = PostsTests/Info.plist;
				LD_RUNPATH_SEARCH_PATHS = (
					"$(inherited)",
					"@executable_path/Frameworks",
					"@loader_path/Frameworks",
				);
				PRODUCT_BUNDLE_IDENTIFIER = mahdichtioui.PostsTests;
				PRODUCT_NAME = "$(TARGET_NAME)";
				SWIFT_VERSION = 4.2;
				TARGETED_DEVICE_FAMILY = "1,2";
				TEST_HOST = "$(BUILT_PRODUCTS_DIR)/Posts.app/Posts";
			};
			name = Release;
		};
		81047732230C2F6E0061220F /* Debug */ = {
			isa = XCBuildConfiguration;
			buildSettings = {
				ALWAYS_EMBED_SWIFT_STANDARD_LIBRARIES = YES;
				CODE_SIGN_STYLE = Automatic;
				INFOPLIST_FILE = PostsUITests/Info.plist;
				LD_RUNPATH_SEARCH_PATHS = (
					"$(inherited)",
					"@executable_path/Frameworks",
					"@loader_path/Frameworks",
				);
				PRODUCT_BUNDLE_IDENTIFIER = mahdichtioui.PostsUITests;
				PRODUCT_NAME = "$(TARGET_NAME)";
				SWIFT_VERSION = 4.2;
				TARGETED_DEVICE_FAMILY = "1,2";
				TEST_TARGET_NAME = Posts;
			};
			name = Debug;
		};
		81047733230C2F6E0061220F /* Release */ = {
			isa = XCBuildConfiguration;
			buildSettings = {
				ALWAYS_EMBED_SWIFT_STANDARD_LIBRARIES = YES;
				CODE_SIGN_STYLE = Automatic;
				INFOPLIST_FILE = PostsUITests/Info.plist;
				LD_RUNPATH_SEARCH_PATHS = (
					"$(inherited)",
					"@executable_path/Frameworks",
					"@loader_path/Frameworks",
				);
				PRODUCT_BUNDLE_IDENTIFIER = mahdichtioui.PostsUITests;
				PRODUCT_NAME = "$(TARGET_NAME)";
				SWIFT_VERSION = 4.2;
				TARGETED_DEVICE_FAMILY = "1,2";
				TEST_TARGET_NAME = Posts;
			};
			name = Release;
		};
/* End XCBuildConfiguration section */

/* Begin XCConfigurationList section */
		810476FE230C2F6C0061220F /* Build configuration list for PBXProject "Posts" */ = {
			isa = XCConfigurationList;
			buildConfigurations = (
				81047729230C2F6E0061220F /* Debug */,
				8104772A230C2F6E0061220F /* Release */,
			);
			defaultConfigurationIsVisible = 0;
			defaultConfigurationName = Release;
		};
		8104772B230C2F6E0061220F /* Build configuration list for PBXNativeTarget "Posts" */ = {
			isa = XCConfigurationList;
			buildConfigurations = (
				8104772C230C2F6E0061220F /* Debug */,
				8104772D230C2F6E0061220F /* Release */,
			);
			defaultConfigurationIsVisible = 0;
			defaultConfigurationName = Release;
		};
		8104772E230C2F6E0061220F /* Build configuration list for PBXNativeTarget "PostsTests" */ = {
			isa = XCConfigurationList;
			buildConfigurations = (
				8104772F230C2F6E0061220F /* Debug */,
				81047730230C2F6E0061220F /* Release */,
			);
			defaultConfigurationIsVisible = 0;
			defaultConfigurationName = Release;
		};
		81047731230C2F6E0061220F /* Build configuration list for PBXNativeTarget "PostsUITests" */ = {
			isa = XCConfigurationList;
			buildConfigurations = (
				81047732230C2F6E0061220F /* Debug */,
				81047733230C2F6E0061220F /* Release */,
			);
			defaultConfigurationIsVisible = 0;
			defaultConfigurationName = Release;
		};
/* End XCConfigurationList section */
	};
	rootObject = 810476FB230C2F6C0061220F /* Project object */;
}
